
Microsoft Visual Studio Solution File, Format Version 12.00
Project("{FAE04EC0-301F-11D3-BF4B-00C04F79EFBC}") = "ExceptionHandling", "ExceptionHandling\ExceptionHandling.csproj", "{A30969FE-1F23-401F-9FD2-8FA1A10E454B}"
EndProject
Global
	GlobalSection(SolutionConfigurationPlatforms) = preSolution
		Debug|Any CPU = Debug|Any CPU
		Release|Any CPU = Release|Any CPU
	EndGlobalSection
	GlobalSection(ProjectConfigurationPlatforms) = postSolution
		{A30969FE-1F23-401F-9FD2-8FA1A10E454B}.Debug|Any CPU.ActiveCfg = Debug|Any CPU
		{A30969FE-1F23-401F-9FD2-8FA1A10E454B}.Debug|Any CPU.Build.0 = Debug|Any CPU
		{A30969FE-1F23-401F-9FD2-8FA1A10E454B}.Release|Any CPU.ActiveCfg = Release|Any CPU
		{A30969FE-1F23-401F-9FD2-8FA1A10E454B}.Release|Any CPU.Build.0 = Release|Any CPU
	EndGlobalSection
EndGlobal
